// !$*UTF8*$!
{
	archiveVersion = 1;
	classes = {
	};
	objectVersion = 50;
	objects = {

/* Begin PBXBuildFile section */
		42443EEF2499A774001DAA60 /* AppDelegate.swift in Sources */ = {isa = PBXBuildFile; fileRef = 42443EEE2499A774001DAA60 /* AppDelegate.swift */; };
		42443EF12499A774001DAA60 /* SceneDelegate.swift in Sources */ = {isa = PBXBuildFile; fileRef = 42443EF02499A774001DAA60 /* SceneDelegate.swift */; };
		42443EF32499A774001DAA60 /* MainViewController.swift in Sources */ = {isa = PBXBuildFile; fileRef = 42443EF22499A774001DAA60 /* MainViewController.swift */; };
		42443EF82499A776001DAA60 /* Assets.xcassets in Resources */ = {isa = PBXBuildFile; fileRef = 42443EF72499A776001DAA60 /* Assets.xcassets */; };
		42443EFB2499A776001DAA60 /* LaunchScreen.storyboard in Resources */ = {isa = PBXBuildFile; fileRef = 42443EF92499A776001DAA60 /* LaunchScreen.storyboard */; };
		42443F082499C08A001DAA60 /* Interface.storyboard in Resources */ = {isa = PBXBuildFile; fileRef = 42443F062499C08A001DAA60 /* Interface.storyboard */; };
		42443F0A2499C08C001DAA60 /* Assets.xcassets in Resources */ = {isa = PBXBuildFile; fileRef = 42443F092499C08C001DAA60 /* Assets.xcassets */; };
		42443F112499C08C001DAA60 /* Hydrate-WatchOS Extension.appex in Embed App Extensions */ = {isa = PBXBuildFile; fileRef = 42443F102499C08C001DAA60 /* Hydrate-WatchOS Extension.appex */; settings = {ATTRIBUTES = (RemoveHeadersOnCopy, ); }; };
		42443F162499C08C001DAA60 /* InterfaceController.swift in Sources */ = {isa = PBXBuildFile; fileRef = 42443F152499C08C001DAA60 /* InterfaceController.swift */; };
		42443F182499C08C001DAA60 /* ExtensionDelegate.swift in Sources */ = {isa = PBXBuildFile; fileRef = 42443F172499C08C001DAA60 /* ExtensionDelegate.swift */; };
		42443F1A2499C08C001DAA60 /* NotificationController.swift in Sources */ = {isa = PBXBuildFile; fileRef = 42443F192499C08C001DAA60 /* NotificationController.swift */; };
		42443F1C2499C08E001DAA60 /* Assets.xcassets in Resources */ = {isa = PBXBuildFile; fileRef = 42443F1B2499C08E001DAA60 /* Assets.xcassets */; };
		42443F212499C08E001DAA60 /* Hydrate-WatchOS.app in Embed Watch Content */ = {isa = PBXBuildFile; fileRef = 42443F042499C08A001DAA60 /* Hydrate-WatchOS.app */; settings = {ATTRIBUTES = (RemoveHeadersOnCopy, ); }; };
		42443F2D249A2B33001DAA60 /* Extensions+UIView.swift in Sources */ = {isa = PBXBuildFile; fileRef = 42443F2C249A2B33001DAA60 /* Extensions+UIView.swift */; };
		42443F56249AF6F1001DAA60 /* PopupView.swift in Sources */ = {isa = PBXBuildFile; fileRef = 42443F55249AF6F1001DAA60 /* PopupView.swift */; };
		42443F58249AF70B001DAA60 /* CustomTextField.swift in Sources */ = {isa = PBXBuildFile; fileRef = 42443F57249AF70B001DAA60 /* CustomTextField.swift */; };
		42443FC6249B9946001DAA60 /* WaveAnimationView.swift in Sources */ = {isa = PBXBuildFile; fileRef = 42443FC5249B9946001DAA60 /* WaveAnimationView.swift */; };
		42443FC8249B9D91001DAA60 /* Extensions+UIColor.swift in Sources */ = {isa = PBXBuildFile; fileRef = 42443FC7249B9D91001DAA60 /* Extensions+UIColor.swift */; };
		4271F75324A20D8100838864 /* SettingsView.swift in Sources */ = {isa = PBXBuildFile; fileRef = 4271F75224A20D8100838864 /* SettingsView.swift */; };
		63F31FA724A1DD900096FE29 /* Hydrate.xcdatamodeld in Sources */ = {isa = PBXBuildFile; fileRef = 63F31FA524A1DD900096FE29 /* Hydrate.xcdatamodeld */; };
		63F31FA924A1DE900096FE29 /* IntakeEntry+Convenience.swift in Sources */ = {isa = PBXBuildFile; fileRef = 63F31FA824A1DE900096FE29 /* IntakeEntry+Convenience.swift */; };
		63F31FAB24A1DEF10096FE29 /* CoreDataStack.swift in Sources */ = {isa = PBXBuildFile; fileRef = 63F31FAA24A1DEF10096FE29 /* CoreDataStack.swift */; };
		63F31FAD24A1E0130096FE29 /* IntakeEntryController.swift in Sources */ = {isa = PBXBuildFile; fileRef = 63F31FAC24A1E0130096FE29 /* IntakeEntryController.swift */; };
		63F31FAF24A1E18A0096FE29 /* Extensions+Date.swift in Sources */ = {isa = PBXBuildFile; fileRef = 63F31FAE24A1E18A0096FE29 /* Extensions+Date.swift */; };
		63F31FB124A279B80096FE29 /* DailyLog.swift in Sources */ = {isa = PBXBuildFile; fileRef = 63F31FB024A279B80096FE29 /* DailyLog.swift */; };
		63F31FB324A27D440096FE29 /* DailyLogController.swift in Sources */ = {isa = PBXBuildFile; fileRef = 63F31FB224A27D440096FE29 /* DailyLogController.swift */; };
		63F31FD924A307CC0096FE29 /* HistoryViewController.swift in Sources */ = {isa = PBXBuildFile; fileRef = 63F31FD824A307CC0096FE29 /* HistoryViewController.swift */; };
		63F31FDB24A307FB0096FE29 /* DailyLogTableViewController.swift in Sources */ = {isa = PBXBuildFile; fileRef = 63F31FDA24A307FB0096FE29 /* DailyLogTableViewController.swift */; };
		63F31FDD24A308340096FE29 /* IntakeEntryTableViewController.swift in Sources */ = {isa = PBXBuildFile; fileRef = 63F31FDC24A308340096FE29 /* IntakeEntryTableViewController.swift */; };
/* End PBXBuildFile section */

/* Begin PBXContainerItemProxy section */
		42443F122499C08C001DAA60 /* PBXContainerItemProxy */ = {
			isa = PBXContainerItemProxy;
			containerPortal = 42443EE32499A774001DAA60 /* Project object */;
			proxyType = 1;
			remoteGlobalIDString = 42443F0F2499C08C001DAA60;
			remoteInfo = "Hydrate-WatchOS Extension";
		};
		42443F1F2499C08E001DAA60 /* PBXContainerItemProxy */ = {
			isa = PBXContainerItemProxy;
			containerPortal = 42443EE32499A774001DAA60 /* Project object */;
			proxyType = 1;
			remoteGlobalIDString = 42443F032499C08A001DAA60;
			remoteInfo = "Hydrate-WatchOS";
		};
/* End PBXContainerItemProxy section */

/* Begin PBXCopyFilesBuildPhase section */
		42443F252499C08E001DAA60 /* Embed App Extensions */ = {
			isa = PBXCopyFilesBuildPhase;
			buildActionMask = 2147483647;
			dstPath = "";
			dstSubfolderSpec = 13;
			files = (
				42443F112499C08C001DAA60 /* Hydrate-WatchOS Extension.appex in Embed App Extensions */,
			);
			name = "Embed App Extensions";
			runOnlyForDeploymentPostprocessing = 0;
		};
		42443F292499C08E001DAA60 /* Embed Watch Content */ = {
			isa = PBXCopyFilesBuildPhase;
			buildActionMask = 2147483647;
			dstPath = "$(CONTENTS_FOLDER_PATH)/Watch";
			dstSubfolderSpec = 16;
			files = (
				42443F212499C08E001DAA60 /* Hydrate-WatchOS.app in Embed Watch Content */,
			);
			name = "Embed Watch Content";
			runOnlyForDeploymentPostprocessing = 0;
		};
/* End PBXCopyFilesBuildPhase section */

/* Begin PBXFileReference section */
		42443EEB2499A774001DAA60 /* Hydrate.app */ = {isa = PBXFileReference; explicitFileType = wrapper.application; includeInIndex = 0; path = Hydrate.app; sourceTree = BUILT_PRODUCTS_DIR; };
		42443EEE2499A774001DAA60 /* AppDelegate.swift */ = {isa = PBXFileReference; lastKnownFileType = sourcecode.swift; path = AppDelegate.swift; sourceTree = "<group>"; };
		42443EF02499A774001DAA60 /* SceneDelegate.swift */ = {isa = PBXFileReference; lastKnownFileType = sourcecode.swift; path = SceneDelegate.swift; sourceTree = "<group>"; };
		42443EF22499A774001DAA60 /* MainViewController.swift */ = {isa = PBXFileReference; lastKnownFileType = sourcecode.swift; path = MainViewController.swift; sourceTree = "<group>"; };
		42443EF72499A776001DAA60 /* Assets.xcassets */ = {isa = PBXFileReference; lastKnownFileType = folder.assetcatalog; path = Assets.xcassets; sourceTree = "<group>"; };
		42443EFA2499A776001DAA60 /* Base */ = {isa = PBXFileReference; lastKnownFileType = file.storyboard; name = Base; path = Base.lproj/LaunchScreen.storyboard; sourceTree = "<group>"; };
		42443EFC2499A776001DAA60 /* Info.plist */ = {isa = PBXFileReference; lastKnownFileType = text.plist.xml; path = Info.plist; sourceTree = "<group>"; };
		42443F042499C08A001DAA60 /* Hydrate-WatchOS.app */ = {isa = PBXFileReference; explicitFileType = wrapper.application; includeInIndex = 0; path = "Hydrate-WatchOS.app"; sourceTree = BUILT_PRODUCTS_DIR; };
		42443F072499C08A001DAA60 /* Base */ = {isa = PBXFileReference; lastKnownFileType = file.storyboard; name = Base; path = Base.lproj/Interface.storyboard; sourceTree = "<group>"; };
		42443F092499C08C001DAA60 /* Assets.xcassets */ = {isa = PBXFileReference; lastKnownFileType = folder.assetcatalog; path = Assets.xcassets; sourceTree = "<group>"; };
		42443F0B2499C08C001DAA60 /* Info.plist */ = {isa = PBXFileReference; lastKnownFileType = text.plist.xml; path = Info.plist; sourceTree = "<group>"; };
		42443F102499C08C001DAA60 /* Hydrate-WatchOS Extension.appex */ = {isa = PBXFileReference; explicitFileType = "wrapper.app-extension"; includeInIndex = 0; path = "Hydrate-WatchOS Extension.appex"; sourceTree = BUILT_PRODUCTS_DIR; };
		42443F152499C08C001DAA60 /* InterfaceController.swift */ = {isa = PBXFileReference; lastKnownFileType = sourcecode.swift; path = InterfaceController.swift; sourceTree = "<group>"; };
		42443F172499C08C001DAA60 /* ExtensionDelegate.swift */ = {isa = PBXFileReference; lastKnownFileType = sourcecode.swift; path = ExtensionDelegate.swift; sourceTree = "<group>"; };
		42443F192499C08C001DAA60 /* NotificationController.swift */ = {isa = PBXFileReference; lastKnownFileType = sourcecode.swift; path = NotificationController.swift; sourceTree = "<group>"; };
		42443F1B2499C08E001DAA60 /* Assets.xcassets */ = {isa = PBXFileReference; lastKnownFileType = folder.assetcatalog; path = Assets.xcassets; sourceTree = "<group>"; };
		42443F1D2499C08E001DAA60 /* Info.plist */ = {isa = PBXFileReference; lastKnownFileType = text.plist.xml; path = Info.plist; sourceTree = "<group>"; };
		42443F1E2499C08E001DAA60 /* PushNotificationPayload.apns */ = {isa = PBXFileReference; lastKnownFileType = text; path = PushNotificationPayload.apns; sourceTree = "<group>"; };
		42443F2C249A2B33001DAA60 /* Extensions+UIView.swift */ = {isa = PBXFileReference; lastKnownFileType = sourcecode.swift; path = "Extensions+UIView.swift"; sourceTree = "<group>"; };
		42443F55249AF6F1001DAA60 /* PopupView.swift */ = {isa = PBXFileReference; fileEncoding = 4; lastKnownFileType = sourcecode.swift; path = PopupView.swift; sourceTree = "<group>"; };
		42443F57249AF70B001DAA60 /* CustomTextField.swift */ = {isa = PBXFileReference; fileEncoding = 4; lastKnownFileType = sourcecode.swift; path = CustomTextField.swift; sourceTree = "<group>"; };
		42443FC5249B9946001DAA60 /* WaveAnimationView.swift */ = {isa = PBXFileReference; lastKnownFileType = sourcecode.swift; path = WaveAnimationView.swift; sourceTree = "<group>"; };
		42443FC7249B9D91001DAA60 /* Extensions+UIColor.swift */ = {isa = PBXFileReference; lastKnownFileType = sourcecode.swift; path = "Extensions+UIColor.swift"; sourceTree = "<group>"; };
		4271F75224A20D8100838864 /* SettingsView.swift */ = {isa = PBXFileReference; lastKnownFileType = sourcecode.swift; path = SettingsView.swift; sourceTree = "<group>"; };
		63F31FA624A1DD900096FE29 /* Hydrate.xcdatamodel */ = {isa = PBXFileReference; lastKnownFileType = wrapper.xcdatamodel; path = Hydrate.xcdatamodel; sourceTree = "<group>"; };
		63F31FA824A1DE900096FE29 /* IntakeEntry+Convenience.swift */ = {isa = PBXFileReference; lastKnownFileType = sourcecode.swift; path = "IntakeEntry+Convenience.swift"; sourceTree = "<group>"; };
		63F31FAA24A1DEF10096FE29 /* CoreDataStack.swift */ = {isa = PBXFileReference; lastKnownFileType = sourcecode.swift; path = CoreDataStack.swift; sourceTree = "<group>"; };
		63F31FAC24A1E0130096FE29 /* IntakeEntryController.swift */ = {isa = PBXFileReference; lastKnownFileType = sourcecode.swift; path = IntakeEntryController.swift; sourceTree = "<group>"; };
		63F31FAE24A1E18A0096FE29 /* Extensions+Date.swift */ = {isa = PBXFileReference; lastKnownFileType = sourcecode.swift; path = "Extensions+Date.swift"; sourceTree = "<group>"; };
		63F31FB024A279B80096FE29 /* DailyLog.swift */ = {isa = PBXFileReference; lastKnownFileType = sourcecode.swift; path = DailyLog.swift; sourceTree = "<group>"; };
		63F31FB224A27D440096FE29 /* DailyLogController.swift */ = {isa = PBXFileReference; lastKnownFileType = sourcecode.swift; path = DailyLogController.swift; sourceTree = "<group>"; };
		63F31FD824A307CC0096FE29 /* HistoryViewController.swift */ = {isa = PBXFileReference; lastKnownFileType = sourcecode.swift; path = HistoryViewController.swift; sourceTree = "<group>"; };
		63F31FDA24A307FB0096FE29 /* DailyLogTableViewController.swift */ = {isa = PBXFileReference; lastKnownFileType = sourcecode.swift; path = DailyLogTableViewController.swift; sourceTree = "<group>"; };
		63F31FDC24A308340096FE29 /* IntakeEntryTableViewController.swift */ = {isa = PBXFileReference; lastKnownFileType = sourcecode.swift; path = IntakeEntryTableViewController.swift; sourceTree = "<group>"; };
/* End PBXFileReference section */

/* Begin PBXFrameworksBuildPhase section */
		42443EE82499A774001DAA60 /* Frameworks */ = {
			isa = PBXFrameworksBuildPhase;
			buildActionMask = 2147483647;
			files = (
			);
			runOnlyForDeploymentPostprocessing = 0;
		};
		42443F0D2499C08C001DAA60 /* Frameworks */ = {
			isa = PBXFrameworksBuildPhase;
			buildActionMask = 2147483647;
			files = (
			);
			runOnlyForDeploymentPostprocessing = 0;
		};
/* End PBXFrameworksBuildPhase section */

/* Begin PBXGroup section */
		42443EE22499A774001DAA60 = {
			isa = PBXGroup;
			children = (
				42443EED2499A774001DAA60 /* Hydrate */,
				42443F052499C08A001DAA60 /* Hydrate-WatchOS */,
				42443F142499C08C001DAA60 /* Hydrate-WatchOS Extension */,
				42443EEC2499A774001DAA60 /* Products */,
			);
			sourceTree = "<group>";
		};
		42443EEC2499A774001DAA60 /* Products */ = {
			isa = PBXGroup;
			children = (
				42443EEB2499A774001DAA60 /* Hydrate.app */,
				42443F042499C08A001DAA60 /* Hydrate-WatchOS.app */,
				42443F102499C08C001DAA60 /* Hydrate-WatchOS Extension.appex */,
			);
			name = Products;
			sourceTree = "<group>";
		};
		42443EED2499A774001DAA60 /* Hydrate */ = {
			isa = PBXGroup;
			children = (
				63F31FA424A1DD6A0096FE29 /* Models */,
				63F31FA324A1DD3D0096FE29 /* Model Controllers */,
				42443F54249AF6E1001DAA60 /* Views */,
				42443F2A249A2B00001DAA60 /* View Controllers */,
				63F31FDF24A30E380096FE29 /* Resources */,
				63F31FDE24A30D2A0096FE29 /* Extensions */,
			);
			path = Hydrate;
			sourceTree = "<group>";
		};
		42443F052499C08A001DAA60 /* Hydrate-WatchOS */ = {
			isa = PBXGroup;
			children = (
				42443F062499C08A001DAA60 /* Interface.storyboard */,
				42443F092499C08C001DAA60 /* Assets.xcassets */,
				42443F0B2499C08C001DAA60 /* Info.plist */,
			);
			path = "Hydrate-WatchOS";
			sourceTree = "<group>";
		};
		42443F142499C08C001DAA60 /* Hydrate-WatchOS Extension */ = {
			isa = PBXGroup;
			children = (
				42443F152499C08C001DAA60 /* InterfaceController.swift */,
				42443F172499C08C001DAA60 /* ExtensionDelegate.swift */,
				42443F192499C08C001DAA60 /* NotificationController.swift */,
				42443F1B2499C08E001DAA60 /* Assets.xcassets */,
				42443F1D2499C08E001DAA60 /* Info.plist */,
				42443F1E2499C08E001DAA60 /* PushNotificationPayload.apns */,
			);
			path = "Hydrate-WatchOS Extension";
			sourceTree = "<group>";
		};
		42443F2A249A2B00001DAA60 /* View Controllers */ = {
			isa = PBXGroup;
			children = (
				42443EF22499A774001DAA60 /* MainViewController.swift */,
				63F31FE124A311570096FE29 /* History VCs */,
			);
			path = "View Controllers";
			sourceTree = "<group>";
		};
		42443F54249AF6E1001DAA60 /* Views */ = {
			isa = PBXGroup;
			children = (
				42443F55249AF6F1001DAA60 /* PopupView.swift */,
				42443FC5249B9946001DAA60 /* WaveAnimationView.swift */,
				42443F57249AF70B001DAA60 /* CustomTextField.swift */,
				4271F75224A20D8100838864 /* SettingsView.swift */,
			);
			path = Views;
			sourceTree = "<group>";
		};
		63F31FA324A1DD3D0096FE29 /* Model Controllers */ = {
			isa = PBXGroup;
			children = (
				63F31FAC24A1E0130096FE29 /* IntakeEntryController.swift */,
				63F31FB224A27D440096FE29 /* DailyLogController.swift */,
			);
			path = "Model Controllers";
			sourceTree = "<group>";
		};
		63F31FA424A1DD6A0096FE29 /* Models */ = {
			isa = PBXGroup;
			children = (
				63F31FB024A279B80096FE29 /* DailyLog.swift */,
				63F31FE024A310E90096FE29 /* Core Data */,
			);
			name = Models;
			path = Hydrate/Models;
			sourceTree = SOURCE_ROOT;
		};
		63F31FDE24A30D2A0096FE29 /* Extensions */ = {
			isa = PBXGroup;
			children = (
				42443F2C249A2B33001DAA60 /* Extensions+UIView.swift */,
				42443FC7249B9D91001DAA60 /* Extensions+UIColor.swift */,
				63F31FAE24A1E18A0096FE29 /* Extensions+Date.swift */,
			);
			path = Extensions;
			sourceTree = "<group>";
		};
		63F31FDF24A30E380096FE29 /* Resources */ = {
			isa = PBXGroup;
			children = (
				42443EF72499A776001DAA60 /* Assets.xcassets */,
				42443EF92499A776001DAA60 /* LaunchScreen.storyboard */,
				42443EEE2499A774001DAA60 /* AppDelegate.swift */,
				42443EF02499A774001DAA60 /* SceneDelegate.swift */,
				42443EFC2499A776001DAA60 /* Info.plist */,
			);
			path = Resources;
			sourceTree = "<group>";
		};
		63F31FE024A310E90096FE29 /* Core Data */ = {
			isa = PBXGroup;
			children = (
				63F31FA524A1DD900096FE29 /* Hydrate.xcdatamodeld */,
				63F31FA824A1DE900096FE29 /* IntakeEntry+Convenience.swift */,
				63F31FAA24A1DEF10096FE29 /* CoreDataStack.swift */,
			);
			path = "Core Data";
			sourceTree = "<group>";
		};
		63F31FE124A311570096FE29 /* History VCs */ = {
			isa = PBXGroup;
			children = (
				63F31FD824A307CC0096FE29 /* HistoryViewController.swift */,
				63F31FDA24A307FB0096FE29 /* DailyLogTableViewController.swift */,
				63F31FDC24A308340096FE29 /* IntakeEntryTableViewController.swift */,
			);
			path = "History VCs";
			sourceTree = "<group>";
		};
		63F31FDE24A30D2A0096FE29 /* Extensions */ = {
			isa = PBXGroup;
			children = (
				42443F57249AF70B001DAA60 /* CustomTextField.swift */,
				42443F2C249A2B33001DAA60 /* Extensions+UIView.swift */,
				42443FC7249B9D91001DAA60 /* Extensions+UIColor.swift */,
				63F31FAE24A1E18A0096FE29 /* Extensions+Date.swift */,
			);
			path = Extensions;
			sourceTree = "<group>";
		};
		63F31FDF24A30E380096FE29 /* Resources */ = {
			isa = PBXGroup;
			children = (
				42443EF72499A776001DAA60 /* Assets.xcassets */,
				42443EF92499A776001DAA60 /* LaunchScreen.storyboard */,
				42443EEE2499A774001DAA60 /* AppDelegate.swift */,
				42443EF02499A774001DAA60 /* SceneDelegate.swift */,
				42443EFC2499A776001DAA60 /* Info.plist */,
			);
			path = Resources;
			sourceTree = "<group>";
		};
/* End PBXGroup section */

/* Begin PBXNativeTarget section */
		42443EEA2499A774001DAA60 /* Hydrate */ = {
			isa = PBXNativeTarget;
			buildConfigurationList = 42443EFF2499A776001DAA60 /* Build configuration list for PBXNativeTarget "Hydrate" */;
			buildPhases = (
				42443EE72499A774001DAA60 /* Sources */,
				42443EE82499A774001DAA60 /* Frameworks */,
				42443EE92499A774001DAA60 /* Resources */,
				42443F292499C08E001DAA60 /* Embed Watch Content */,
			);
			buildRules = (
			);
			dependencies = (
				42443F202499C08E001DAA60 /* PBXTargetDependency */,
			);
			name = Hydrate;
			productName = Hydrate;
			productReference = 42443EEB2499A774001DAA60 /* Hydrate.app */;
			productType = "com.apple.product-type.application";
		};
		42443F032499C08A001DAA60 /* Hydrate-WatchOS */ = {
			isa = PBXNativeTarget;
			buildConfigurationList = 42443F262499C08E001DAA60 /* Build configuration list for PBXNativeTarget "Hydrate-WatchOS" */;
			buildPhases = (
				42443F022499C08A001DAA60 /* Resources */,
				42443F252499C08E001DAA60 /* Embed App Extensions */,
			);
			buildRules = (
			);
			dependencies = (
				42443F132499C08C001DAA60 /* PBXTargetDependency */,
			);
			name = "Hydrate-WatchOS";
			productName = "Hydrate-WatchOS";
			productReference = 42443F042499C08A001DAA60 /* Hydrate-WatchOS.app */;
			productType = "com.apple.product-type.application.watchapp2";
		};
		42443F0F2499C08C001DAA60 /* Hydrate-WatchOS Extension */ = {
			isa = PBXNativeTarget;
			buildConfigurationList = 42443F222499C08E001DAA60 /* Build configuration list for PBXNativeTarget "Hydrate-WatchOS Extension" */;
			buildPhases = (
				42443F0C2499C08C001DAA60 /* Sources */,
				42443F0D2499C08C001DAA60 /* Frameworks */,
				42443F0E2499C08C001DAA60 /* Resources */,
			);
			buildRules = (
			);
			dependencies = (
			);
			name = "Hydrate-WatchOS Extension";
			productName = "Hydrate-WatchOS Extension";
			productReference = 42443F102499C08C001DAA60 /* Hydrate-WatchOS Extension.appex */;
			productType = "com.apple.product-type.watchkit2-extension";
		};
/* End PBXNativeTarget section */

/* Begin PBXProject section */
		42443EE32499A774001DAA60 /* Project object */ = {
			isa = PBXProject;
			attributes = {
				LastSwiftUpdateCheck = 1150;
				LastUpgradeCheck = 1150;
				ORGANIZATIONNAME = Hydrate;
				TargetAttributes = {
					42443EEA2499A774001DAA60 = {
						CreatedOnToolsVersion = 11.5;
					};
					42443F032499C08A001DAA60 = {
						CreatedOnToolsVersion = 11.5;
					};
					42443F0F2499C08C001DAA60 = {
						CreatedOnToolsVersion = 11.5;
					};
				};
			};
			buildConfigurationList = 42443EE62499A774001DAA60 /* Build configuration list for PBXProject "Hydrate" */;
			compatibilityVersion = "Xcode 9.3";
			developmentRegion = en;
			hasScannedForEncodings = 0;
			knownRegions = (
				en,
				Base,
			);
			mainGroup = 42443EE22499A774001DAA60;
			productRefGroup = 42443EEC2499A774001DAA60 /* Products */;
			projectDirPath = "";
			projectRoot = "";
			targets = (
				42443EEA2499A774001DAA60 /* Hydrate */,
				42443F032499C08A001DAA60 /* Hydrate-WatchOS */,
				42443F0F2499C08C001DAA60 /* Hydrate-WatchOS Extension */,
			);
		};
/* End PBXProject section */

/* Begin PBXResourcesBuildPhase section */
		42443EE92499A774001DAA60 /* Resources */ = {
			isa = PBXResourcesBuildPhase;
			buildActionMask = 2147483647;
			files = (
				42443EFB2499A776001DAA60 /* LaunchScreen.storyboard in Resources */,
				42443EF82499A776001DAA60 /* Assets.xcassets in Resources */,
			);
			runOnlyForDeploymentPostprocessing = 0;
		};
		42443F022499C08A001DAA60 /* Resources */ = {
			isa = PBXResourcesBuildPhase;
			buildActionMask = 2147483647;
			files = (
				42443F0A2499C08C001DAA60 /* Assets.xcassets in Resources */,
				42443F082499C08A001DAA60 /* Interface.storyboard in Resources */,
			);
			runOnlyForDeploymentPostprocessing = 0;
		};
		42443F0E2499C08C001DAA60 /* Resources */ = {
			isa = PBXResourcesBuildPhase;
			buildActionMask = 2147483647;
			files = (
				42443F1C2499C08E001DAA60 /* Assets.xcassets in Resources */,
			);
			runOnlyForDeploymentPostprocessing = 0;
		};
/* End PBXResourcesBuildPhase section */

/* Begin PBXSourcesBuildPhase section */
		42443EE72499A774001DAA60 /* Sources */ = {
			isa = PBXSourcesBuildPhase;
			buildActionMask = 2147483647;
			files = (
				42443FC6249B9946001DAA60 /* WaveAnimationView.swift in Sources */,
				63F31FA724A1DD900096FE29 /* Hydrate.xcdatamodeld in Sources */,
				42443F56249AF6F1001DAA60 /* PopupView.swift in Sources */,
				63F31FAF24A1E18A0096FE29 /* Extensions+Date.swift in Sources */,
				63F31FB324A27D440096FE29 /* DailyLogController.swift in Sources */,
				42443EF32499A774001DAA60 /* MainViewController.swift in Sources */,
				63F31FAB24A1DEF10096FE29 /* CoreDataStack.swift in Sources */,
				42443F58249AF70B001DAA60 /* CustomTextField.swift in Sources */,
				4271F75324A20D8100838864 /* SettingsView.swift in Sources */,
				63F31FAD24A1E0130096FE29 /* IntakeEntryController.swift in Sources */,
				63F31FDB24A307FB0096FE29 /* DailyLogTableViewController.swift in Sources */,
				42443EEF2499A774001DAA60 /* AppDelegate.swift in Sources */,
				42443F2D249A2B33001DAA60 /* Extensions+UIView.swift in Sources */,
				42443EF12499A774001DAA60 /* SceneDelegate.swift in Sources */,
				63F31FA924A1DE900096FE29 /* IntakeEntry+Convenience.swift in Sources */,
				63F31FD924A307CC0096FE29 /* HistoryViewController.swift in Sources */,
				63F31FB124A279B80096FE29 /* DailyLog.swift in Sources */,
				63F31FDD24A308340096FE29 /* IntakeEntryTableViewController.swift in Sources */,
				42443FC8249B9D91001DAA60 /* Extensions+UIColor.swift in Sources */,
			);
			runOnlyForDeploymentPostprocessing = 0;
		};
		42443F0C2499C08C001DAA60 /* Sources */ = {
			isa = PBXSourcesBuildPhase;
			buildActionMask = 2147483647;
			files = (
				42443F1A2499C08C001DAA60 /* NotificationController.swift in Sources */,
				42443F182499C08C001DAA60 /* ExtensionDelegate.swift in Sources */,
				42443F162499C08C001DAA60 /* InterfaceController.swift in Sources */,
			);
			runOnlyForDeploymentPostprocessing = 0;
		};
/* End PBXSourcesBuildPhase section */

/* Begin PBXTargetDependency section */
		42443F132499C08C001DAA60 /* PBXTargetDependency */ = {
			isa = PBXTargetDependency;
			target = 42443F0F2499C08C001DAA60 /* Hydrate-WatchOS Extension */;
			targetProxy = 42443F122499C08C001DAA60 /* PBXContainerItemProxy */;
		};
		42443F202499C08E001DAA60 /* PBXTargetDependency */ = {
			isa = PBXTargetDependency;
			target = 42443F032499C08A001DAA60 /* Hydrate-WatchOS */;
			targetProxy = 42443F1F2499C08E001DAA60 /* PBXContainerItemProxy */;
		};
/* End PBXTargetDependency section */

/* Begin PBXVariantGroup section */
		42443EF92499A776001DAA60 /* LaunchScreen.storyboard */ = {
			isa = PBXVariantGroup;
			children = (
				42443EFA2499A776001DAA60 /* Base */,
			);
			name = LaunchScreen.storyboard;
			sourceTree = "<group>";
		};
		42443F062499C08A001DAA60 /* Interface.storyboard */ = {
			isa = PBXVariantGroup;
			children = (
				42443F072499C08A001DAA60 /* Base */,
			);
			name = Interface.storyboard;
			sourceTree = "<group>";
		};
/* End PBXVariantGroup section */

/* Begin XCBuildConfiguration section */
		42443EFD2499A776001DAA60 /* Debug */ = {
			isa = XCBuildConfiguration;
			buildSettings = {
				ALWAYS_SEARCH_USER_PATHS = NO;
				CLANG_ANALYZER_NONNULL = YES;
				CLANG_ANALYZER_NUMBER_OBJECT_CONVERSION = YES_AGGRESSIVE;
				CLANG_CXX_LANGUAGE_STANDARD = "gnu++14";
				CLANG_CXX_LIBRARY = "libc++";
				CLANG_ENABLE_MODULES = YES;
				CLANG_ENABLE_OBJC_ARC = YES;
				CLANG_ENABLE_OBJC_WEAK = YES;
				CLANG_WARN_BLOCK_CAPTURE_AUTORELEASING = YES;
				CLANG_WARN_BOOL_CONVERSION = YES;
				CLANG_WARN_COMMA = YES;
				CLANG_WARN_CONSTANT_CONVERSION = YES;
				CLANG_WARN_DEPRECATED_OBJC_IMPLEMENTATIONS = YES;
				CLANG_WARN_DIRECT_OBJC_ISA_USAGE = YES_ERROR;
				CLANG_WARN_DOCUMENTATION_COMMENTS = YES;
				CLANG_WARN_EMPTY_BODY = YES;
				CLANG_WARN_ENUM_CONVERSION = YES;
				CLANG_WARN_INFINITE_RECURSION = YES;
				CLANG_WARN_INT_CONVERSION = YES;
				CLANG_WARN_NON_LITERAL_NULL_CONVERSION = YES;
				CLANG_WARN_OBJC_IMPLICIT_RETAIN_SELF = YES;
				CLANG_WARN_OBJC_LITERAL_CONVERSION = YES;
				CLANG_WARN_OBJC_ROOT_CLASS = YES_ERROR;
				CLANG_WARN_RANGE_LOOP_ANALYSIS = YES;
				CLANG_WARN_STRICT_PROTOTYPES = YES;
				CLANG_WARN_SUSPICIOUS_MOVE = YES;
				CLANG_WARN_UNGUARDED_AVAILABILITY = YES_AGGRESSIVE;
				CLANG_WARN_UNREACHABLE_CODE = YES;
				CLANG_WARN__DUPLICATE_METHOD_MATCH = YES;
				COPY_PHASE_STRIP = NO;
				DEBUG_INFORMATION_FORMAT = dwarf;
				ENABLE_STRICT_OBJC_MSGSEND = YES;
				ENABLE_TESTABILITY = YES;
				GCC_C_LANGUAGE_STANDARD = gnu11;
				GCC_DYNAMIC_NO_PIC = NO;
				GCC_NO_COMMON_BLOCKS = YES;
				GCC_OPTIMIZATION_LEVEL = 0;
				GCC_PREPROCESSOR_DEFINITIONS = (
					"DEBUG=1",
					"$(inherited)",
				);
				GCC_WARN_64_TO_32_BIT_CONVERSION = YES;
				GCC_WARN_ABOUT_RETURN_TYPE = YES_ERROR;
				GCC_WARN_UNDECLARED_SELECTOR = YES;
				GCC_WARN_UNINITIALIZED_AUTOS = YES_AGGRESSIVE;
				GCC_WARN_UNUSED_FUNCTION = YES;
				GCC_WARN_UNUSED_VARIABLE = YES;
				IPHONEOS_DEPLOYMENT_TARGET = 13.5;
				MTL_ENABLE_DEBUG_INFO = INCLUDE_SOURCE;
				MTL_FAST_MATH = YES;
				ONLY_ACTIVE_ARCH = YES;
				SDKROOT = iphoneos;
				SWIFT_ACTIVE_COMPILATION_CONDITIONS = DEBUG;
				SWIFT_OPTIMIZATION_LEVEL = "-Onone";
			};
			name = Debug;
		};
		42443EFE2499A776001DAA60 /* Release */ = {
			isa = XCBuildConfiguration;
			buildSettings = {
				ALWAYS_SEARCH_USER_PATHS = NO;
				CLANG_ANALYZER_NONNULL = YES;
				CLANG_ANALYZER_NUMBER_OBJECT_CONVERSION = YES_AGGRESSIVE;
				CLANG_CXX_LANGUAGE_STANDARD = "gnu++14";
				CLANG_CXX_LIBRARY = "libc++";
				CLANG_ENABLE_MODULES = YES;
				CLANG_ENABLE_OBJC_ARC = YES;
				CLANG_ENABLE_OBJC_WEAK = YES;
				CLANG_WARN_BLOCK_CAPTURE_AUTORELEASING = YES;
				CLANG_WARN_BOOL_CONVERSION = YES;
				CLANG_WARN_COMMA = YES;
				CLANG_WARN_CONSTANT_CONVERSION = YES;
				CLANG_WARN_DEPRECATED_OBJC_IMPLEMENTATIONS = YES;
				CLANG_WARN_DIRECT_OBJC_ISA_USAGE = YES_ERROR;
				CLANG_WARN_DOCUMENTATION_COMMENTS = YES;
				CLANG_WARN_EMPTY_BODY = YES;
				CLANG_WARN_ENUM_CONVERSION = YES;
				CLANG_WARN_INFINITE_RECURSION = YES;
				CLANG_WARN_INT_CONVERSION = YES;
				CLANG_WARN_NON_LITERAL_NULL_CONVERSION = YES;
				CLANG_WARN_OBJC_IMPLICIT_RETAIN_SELF = YES;
				CLANG_WARN_OBJC_LITERAL_CONVERSION = YES;
				CLANG_WARN_OBJC_ROOT_CLASS = YES_ERROR;
				CLANG_WARN_RANGE_LOOP_ANALYSIS = YES;
				CLANG_WARN_STRICT_PROTOTYPES = YES;
				CLANG_WARN_SUSPICIOUS_MOVE = YES;
				CLANG_WARN_UNGUARDED_AVAILABILITY = YES_AGGRESSIVE;
				CLANG_WARN_UNREACHABLE_CODE = YES;
				CLANG_WARN__DUPLICATE_METHOD_MATCH = YES;
				COPY_PHASE_STRIP = NO;
				DEBUG_INFORMATION_FORMAT = "dwarf-with-dsym";
				ENABLE_NS_ASSERTIONS = NO;
				ENABLE_STRICT_OBJC_MSGSEND = YES;
				GCC_C_LANGUAGE_STANDARD = gnu11;
				GCC_NO_COMMON_BLOCKS = YES;
				GCC_WARN_64_TO_32_BIT_CONVERSION = YES;
				GCC_WARN_ABOUT_RETURN_TYPE = YES_ERROR;
				GCC_WARN_UNDECLARED_SELECTOR = YES;
				GCC_WARN_UNINITIALIZED_AUTOS = YES_AGGRESSIVE;
				GCC_WARN_UNUSED_FUNCTION = YES;
				GCC_WARN_UNUSED_VARIABLE = YES;
				IPHONEOS_DEPLOYMENT_TARGET = 13.5;
				MTL_ENABLE_DEBUG_INFO = NO;
				MTL_FAST_MATH = YES;
				SDKROOT = iphoneos;
				SWIFT_COMPILATION_MODE = wholemodule;
				SWIFT_OPTIMIZATION_LEVEL = "-O";
				VALIDATE_PRODUCT = YES;
			};
			name = Release;
		};
		42443F002499A776001DAA60 /* Debug */ = {
			isa = XCBuildConfiguration;
			buildSettings = {
				ASSETCATALOG_COMPILER_APPICON_NAME = AppIcon;
				CODE_SIGN_STYLE = Automatic;
				DEVELOPMENT_TEAM = 2YCSRP8773;
				INFOPLIST_FILE = Hydrate/Resources/Info.plist;
				LD_RUNPATH_SEARCH_PATHS = (
					"$(inherited)",
					"@executable_path/Frameworks",
				);
				PRODUCT_BUNDLE_IDENTIFIER = com.LambdaiOSBuldWeek.Hydrate;
				PRODUCT_NAME = "$(TARGET_NAME)";
				SWIFT_VERSION = 5.0;
				TARGETED_DEVICE_FAMILY = "1,2";
			};
			name = Debug;
		};
		42443F012499A776001DAA60 /* Release */ = {
			isa = XCBuildConfiguration;
			buildSettings = {
				ASSETCATALOG_COMPILER_APPICON_NAME = AppIcon;
				CODE_SIGN_STYLE = Automatic;
				DEVELOPMENT_TEAM = 2YCSRP8773;
				INFOPLIST_FILE = Hydrate/Resources/Info.plist;
				LD_RUNPATH_SEARCH_PATHS = (
					"$(inherited)",
					"@executable_path/Frameworks",
				);
				PRODUCT_BUNDLE_IDENTIFIER = com.LambdaiOSBuldWeek.Hydrate;
				PRODUCT_NAME = "$(TARGET_NAME)";
				SWIFT_VERSION = 5.0;
				TARGETED_DEVICE_FAMILY = "1,2";
			};
			name = Release;
		};
		42443F232499C08E001DAA60 /* Debug */ = {
			isa = XCBuildConfiguration;
			buildSettings = {
				ASSETCATALOG_COMPILER_COMPLICATION_NAME = Complication;
				CODE_SIGN_STYLE = Automatic;
				DEVELOPMENT_TEAM = 2YCSRP8773;
				INFOPLIST_FILE = "Hydrate-WatchOS Extension/Info.plist";
				LD_RUNPATH_SEARCH_PATHS = (
					"$(inherited)",
					"@executable_path/Frameworks",
					"@executable_path/../../Frameworks",
				);
				PRODUCT_BUNDLE_IDENTIFIER = com.LambdaiOSBuldWeek.Hydrate.watchkitapp.watchkitextension;
				PRODUCT_NAME = "${TARGET_NAME}";
				SDKROOT = watchos;
				SKIP_INSTALL = YES;
				SWIFT_VERSION = 5.0;
				TARGETED_DEVICE_FAMILY = 4;
				WATCHOS_DEPLOYMENT_TARGET = 6.2;
			};
			name = Debug;
		};
		42443F242499C08E001DAA60 /* Release */ = {
			isa = XCBuildConfiguration;
			buildSettings = {
				ASSETCATALOG_COMPILER_COMPLICATION_NAME = Complication;
				CODE_SIGN_STYLE = Automatic;
				DEVELOPMENT_TEAM = 2YCSRP8773;
				INFOPLIST_FILE = "Hydrate-WatchOS Extension/Info.plist";
				LD_RUNPATH_SEARCH_PATHS = (
					"$(inherited)",
					"@executable_path/Frameworks",
					"@executable_path/../../Frameworks",
				);
				PRODUCT_BUNDLE_IDENTIFIER = com.LambdaiOSBuldWeek.Hydrate.watchkitapp.watchkitextension;
				PRODUCT_NAME = "${TARGET_NAME}";
				SDKROOT = watchos;
				SKIP_INSTALL = YES;
				SWIFT_VERSION = 5.0;
				TARGETED_DEVICE_FAMILY = 4;
				WATCHOS_DEPLOYMENT_TARGET = 6.2;
			};
			name = Release;
		};
		42443F272499C08E001DAA60 /* Debug */ = {
			isa = XCBuildConfiguration;
			buildSettings = {
				ALWAYS_EMBED_SWIFT_STANDARD_LIBRARIES = YES;
				ASSETCATALOG_COMPILER_APPICON_NAME = AppIcon;
				CODE_SIGN_STYLE = Automatic;
				DEVELOPMENT_TEAM = 2YCSRP8773;
				IBSC_MODULE = Hydrate_WatchOS_Extension;
				INFOPLIST_FILE = "Hydrate-WatchOS/Info.plist";
				PRODUCT_BUNDLE_IDENTIFIER = com.LambdaiOSBuldWeek.Hydrate.watchkitapp;
				PRODUCT_NAME = "$(TARGET_NAME)";
				SDKROOT = watchos;
				SKIP_INSTALL = YES;
				SWIFT_VERSION = 5.0;
				TARGETED_DEVICE_FAMILY = 4;
				WATCHOS_DEPLOYMENT_TARGET = 6.2;
			};
			name = Debug;
		};
		42443F282499C08E001DAA60 /* Release */ = {
			isa = XCBuildConfiguration;
			buildSettings = {
				ALWAYS_EMBED_SWIFT_STANDARD_LIBRARIES = YES;
				ASSETCATALOG_COMPILER_APPICON_NAME = AppIcon;
				CODE_SIGN_STYLE = Automatic;
				DEVELOPMENT_TEAM = 2YCSRP8773;
				IBSC_MODULE = Hydrate_WatchOS_Extension;
				INFOPLIST_FILE = "Hydrate-WatchOS/Info.plist";
				PRODUCT_BUNDLE_IDENTIFIER = com.LambdaiOSBuldWeek.Hydrate.watchkitapp;
				PRODUCT_NAME = "$(TARGET_NAME)";
				SDKROOT = watchos;
				SKIP_INSTALL = YES;
				SWIFT_VERSION = 5.0;
				TARGETED_DEVICE_FAMILY = 4;
				WATCHOS_DEPLOYMENT_TARGET = 6.2;
			};
			name = Release;
		};
/* End XCBuildConfiguration section */

/* Begin XCConfigurationList section */
		42443EE62499A774001DAA60 /* Build configuration list for PBXProject "Hydrate" */ = {
			isa = XCConfigurationList;
			buildConfigurations = (
				42443EFD2499A776001DAA60 /* Debug */,
				42443EFE2499A776001DAA60 /* Release */,
			);
			defaultConfigurationIsVisible = 0;
			defaultConfigurationName = Release;
		};
		42443EFF2499A776001DAA60 /* Build configuration list for PBXNativeTarget "Hydrate" */ = {
			isa = XCConfigurationList;
			buildConfigurations = (
				42443F002499A776001DAA60 /* Debug */,
				42443F012499A776001DAA60 /* Release */,
			);
			defaultConfigurationIsVisible = 0;
			defaultConfigurationName = Release;
		};
		42443F222499C08E001DAA60 /* Build configuration list for PBXNativeTarget "Hydrate-WatchOS Extension" */ = {
			isa = XCConfigurationList;
			buildConfigurations = (
				42443F232499C08E001DAA60 /* Debug */,
				42443F242499C08E001DAA60 /* Release */,
			);
			defaultConfigurationIsVisible = 0;
			defaultConfigurationName = Release;
		};
		42443F262499C08E001DAA60 /* Build configuration list for PBXNativeTarget "Hydrate-WatchOS" */ = {
			isa = XCConfigurationList;
			buildConfigurations = (
				42443F272499C08E001DAA60 /* Debug */,
				42443F282499C08E001DAA60 /* Release */,
			);
			defaultConfigurationIsVisible = 0;
			defaultConfigurationName = Release;
		};
/* End XCConfigurationList section */

/* Begin XCVersionGroup section */
		63F31FA524A1DD900096FE29 /* Hydrate.xcdatamodeld */ = {
			isa = XCVersionGroup;
			children = (
				63F31FA624A1DD900096FE29 /* Hydrate.xcdatamodel */,
			);
			currentVersion = 63F31FA624A1DD900096FE29 /* Hydrate.xcdatamodel */;
			path = Hydrate.xcdatamodeld;
			sourceTree = "<group>";
			versionGroupType = wrapper.xcdatamodel;
		};
/* End XCVersionGroup section */
	};
	rootObject = 42443EE32499A774001DAA60 /* Project object */;
}
